
Microsoft Visual Studio Solution File, Format Version 12.00
# Visual Studio Version 16
VisualStudioVersion = 16.0.30413.136
MinimumVisualStudioVersion = 10.0.40219.1
Project("{FAE04EC0-301F-11D3-BF4B-00C04F79EFBC}") = "MathApp2", "MathApp2\MathApp2.csproj", "{F26AC188-2BDD-4F8E-8E57-A65B6F807E92}"
EndProject
Global
	GlobalSection(SolutionConfigurationPlatforms) = preSolution
		Debug|Any CPU = Debug|Any CPU
		Release|Any CPU = Release|Any CPU
	EndGlobalSection
	GlobalSection(ProjectConfigurationPlatforms) = postSolution
		{F26AC188-2BDD-4F8E-8E57-A65B6F807E92}.Debug|Any CPU.ActiveCfg = Debug|Any CPU
		{F26AC188-2BDD-4F8E-8E57-A65B6F807E92}.Debug|Any CPU.Build.0 = Debug|Any CPU
		{F26AC188-2BDD-4F8E-8E57-A65B6F807E92}.Release|Any CPU.ActiveCfg = Release|Any CPU
		{F26AC188-2BDD-4F8E-8E57-A65B6F807E92}.Release|Any CPU.Build.0 = Release|Any CPU
	EndGlobalSection
	GlobalSection(SolutionProperties) = preSolution
		HideSolutionNode = FALSE
	EndGlobalSection
	GlobalSection(ExtensibilityGlobals) = postSolution
		SolutionGuid = {CF3A4C5C-BD65-4EA4-8D2C-F9230CD1E25D}
	EndGlobalSection
EndGlobal
